
Microsoft Visual Studio Solution File, Format Version 12.00
# Visual Studio Version 17
VisualStudioVersion = 17.6.33513.286
MinimumVisualStudioVersion = 10.0.40219.1
Project("{FAE04EC0-301F-11D3-BF4B-00C04F79EFBC}") = "BlackJack (V0.3)", "BlackJack (V0.3)\BlackJack (V0.3).csproj", "{95490DF8-49F4-4663-B756-B9FA9B18309E}"
EndProject
Global
	GlobalSection(SolutionConfigurationPlatforms) = preSolution
		Debug|Any CPU = Debug|Any CPU
		Release|Any CPU = Release|Any CPU
	EndGlobalSection
	GlobalSection(ProjectConfigurationPlatforms) = postSolution
		{95490DF8-49F4-4663-B756-B9FA9B18309E}.Debug|Any CPU.ActiveCfg = Debug|Any CPU
		{95490DF8-49F4-4663-B756-B9FA9B18309E}.Debug|Any CPU.Build.0 = Debug|Any CPU
		{95490DF8-49F4-4663-B756-B9FA9B18309E}.Release|Any CPU.ActiveCfg = Release|Any CPU
		{95490DF8-49F4-4663-B756-B9FA9B18309E}.Release|Any CPU.Build.0 = Release|Any CPU
	EndGlobalSection
	GlobalSection(SolutionProperties) = preSolution
		HideSolutionNode = FALSE
	EndGlobalSection
	GlobalSection(ExtensibilityGlobals) = postSolution
		SolutionGuid = {86BEA870-59A3-4F55-A76F-1DF8BDFE2EBF}
	EndGlobalSection
EndGlobal
